
Microsoft Visual Studio Solution File, Format Version 12.00
# Visual Studio 15
VisualStudioVersion = 15.0.27428.2037
MinimumVisualStudioVersion = 10.0.40219.1
Project("{2150E333-8FDC-42A3-9474-1A3956D46DE8}") = "admin", "admin", "{F0795C7E-12E7-4083-8E05-34721A991C13}"
EndProject
Project("{2150E333-8FDC-42A3-9474-1A3956D46DE8}") = "auth", "auth", "{32062501-97F6-4F3E-AEA6-B646A9DE648D}"
EndProject
Project("{2150E333-8FDC-42A3-9474-1A3956D46DE8}") = "gateway", "gateway", "{04FB38CB-71BA-4A42-9192-80A0EDFF8E30}"
EndProject
Project("{2150E333-8FDC-42A3-9474-1A3956D46DE8}") = "api", "api", "{A43B936F-1115-48C0-9891-584BD8F04BD8}"
EndProject
Project("{9A19103F-16F7-4668-BE54-9A1E7A4F7556}") = "Data", "admin\src\Data\Data.csproj", "{10D4942D-FFB5-4475-820C-4D7EE84501F4}"
EndProject
Project("{9A19103F-16F7-4668-BE54-9A1E7A4F7556}") = "Domain", "admin\src\Domain\Domain.csproj", "{5436DDD9-0D31-4BC2-BCD4-069E40B6375E}"
EndProject
Project("{9A19103F-16F7-4668-BE54-9A1E7A4F7556}") = "Interface", "admin\src\Interface\Interface.csproj", "{ED2820BC-9B92-49A4-B2B6-5ED533EE599F}"
EndProject
Project("{9A19103F-16F7-4668-BE54-9A1E7A4F7556}") = "Service", "admin\src\Service\Service.csproj", "{25938EEB-97E9-4F13-8A9C-72AAE467BCC2}"
EndProject
Project("{9A19103F-16F7-4668-BE54-9A1E7A4F7556}") = "Admin", "admin\src\Web\Admin.csproj", "{1EEB8744-43C6-43AD-8690-0855C22DAFB6}"
EndProject
Project("{9A19103F-16F7-4668-BE54-9A1E7A4F7556}") = "Account.API", "api\Account\Account.API\Account.API.csproj", "{BA03463C-5368-410E-A4C4-5C5B557E2222}"
EndProject
Project("{2150E333-8FDC-42A3-9474-1A3956D46DE8}") = "Account", "Account", "{7D62BED2-797D-402D-AF85-A5A34E5F23C1}"
EndProject
Project("{2150E333-8FDC-42A3-9474-1A3956D46DE8}") = "Article", "Article", "{8FDA9884-E357-40E1-911A-07CCB098E9C5}"
EndProject
Project("{9A19103F-16F7-4668-BE54-9A1E7A4F7556}") = "Article.API", "api\Article\Article.API\Article.API.csproj", "{ECE593EB-0DB6-43BC-8314-61495F5BE9CF}"
EndProject
Project("{9A19103F-16F7-4668-BE54-9A1E7A4F7556}") = "Auth.Core", "auth\src\Auth.Core\Auth.Core.csproj", "{2C23A135-3C5E-412E-8511-4E46BE4BF689}"
EndProject
Project("{9A19103F-16F7-4668-BE54-9A1E7A4F7556}") = "Auth.EntityFrameworkCore", "auth\src\Auth.EntityFrameworkCore\Auth.EntityFrameworkCore.csproj", "{7B8DE759-1850-41E1-9E12-A22ED09FD6A9}"
EndProject
Project("{9A19103F-16F7-4668-BE54-9A1E7A4F7556}") = "Auth.Web", "auth\src\Auth.Web\Auth.Web.csproj", "{CA99DBDD-27B5-4A76-BD4D-CAEEEBAA320E}"
EndProject
Project("{9A19103F-16F7-4668-BE54-9A1E7A4F7556}") = "Gateway", "gateway\src\Gateway.csproj", "{8AF6B3C1-74ED-4A60-8FF0-19DF154890BC}"
EndProject
Global
	GlobalSection(SolutionConfigurationPlatforms) = preSolution
		Debug|Any CPU = Debug|Any CPU
		Release|Any CPU = Release|Any CPU
	EndGlobalSection
	GlobalSection(ProjectConfigurationPlatforms) = postSolution
		{10D4942D-FFB5-4475-820C-4D7EE84501F4}.Debug|Any CPU.ActiveCfg = Debug|Any CPU
		{10D4942D-FFB5-4475-820C-4D7EE84501F4}.Debug|Any CPU.Build.0 = Debug|Any CPU
		{10D4942D-FFB5-4475-820C-4D7EE84501F4}.Release|Any CPU.ActiveCfg = Release|Any CPU
		{10D4942D-FFB5-4475-820C-4D7EE84501F4}.Release|Any CPU.Build.0 = Release|Any CPU
		{5436DDD9-0D31-4BC2-BCD4-069E40B6375E}.Debug|Any CPU.ActiveCfg = Debug|Any CPU
		{5436DDD9-0D31-4BC2-BCD4-069E40B6375E}.Debug|Any CPU.Build.0 = Debug|Any CPU
		{5436DDD9-0D31-4BC2-BCD4-069E40B6375E}.Release|Any CPU.ActiveCfg = Release|Any CPU
		{5436DDD9-0D31-4BC2-BCD4-069E40B6375E}.Release|Any CPU.Build.0 = Release|Any CPU
		{ED2820BC-9B92-49A4-B2B6-5ED533EE599F}.Debug|Any CPU.ActiveCfg = Debug|Any CPU
		{ED2820BC-9B92-49A4-B2B6-5ED533EE599F}.Debug|Any CPU.Build.0 = Debug|Any CPU
		{ED2820BC-9B92-49A4-B2B6-5ED533EE599F}.Release|Any CPU.ActiveCfg = Release|Any CPU
		{ED2820BC-9B92-49A4-B2B6-5ED533EE599F}.Release|Any CPU.Build.0 = Release|Any CPU
		{25938EEB-97E9-4F13-8A9C-72AAE467BCC2}.Debug|Any CPU.ActiveCfg = Debug|Any CPU
		{25938EEB-97E9-4F13-8A9C-72AAE467BCC2}.Debug|Any CPU.Build.0 = Debug|Any CPU
		{25938EEB-97E9-4F13-8A9C-72AAE467BCC2}.Release|Any CPU.ActiveCfg = Release|Any CPU
		{25938EEB-97E9-4F13-8A9C-72AAE467BCC2}.Release|Any CPU.Build.0 = Release|Any CPU
		{1EEB8744-43C6-43AD-8690-0855C22DAFB6}.Debug|Any CPU.ActiveCfg = Debug|Any CPU
		{1EEB8744-43C6-43AD-8690-0855C22DAFB6}.Debug|Any CPU.Build.0 = Debug|Any CPU
		{1EEB8744-43C6-43AD-8690-0855C22DAFB6}.Release|Any CPU.ActiveCfg = Release|Any CPU
		{1EEB8744-43C6-43AD-8690-0855C22DAFB6}.Release|Any CPU.Build.0 = Release|Any CPU
		{BA03463C-5368-410E-A4C4-5C5B557E2222}.Debug|Any CPU.ActiveCfg = Debug|Any CPU
		{BA03463C-5368-410E-A4C4-5C5B557E2222}.Debug|Any CPU.Build.0 = Debug|Any CPU
		{BA03463C-5368-410E-A4C4-5C5B557E2222}.Release|Any CPU.ActiveCfg = Release|Any CPU
		{BA03463C-5368-410E-A4C4-5C5B557E2222}.Release|Any CPU.Build.0 = Release|Any CPU
		{ECE593EB-0DB6-43BC-8314-61495F5BE9CF}.Debug|Any CPU.ActiveCfg = Debug|Any CPU
		{ECE593EB-0DB6-43BC-8314-61495F5BE9CF}.Debug|Any CPU.Build.0 = Debug|Any CPU
		{ECE593EB-0DB6-43BC-8314-61495F5BE9CF}.Release|Any CPU.ActiveCfg = Release|Any CPU
		{ECE593EB-0DB6-43BC-8314-61495F5BE9CF}.Release|Any CPU.Build.0 = Release|Any CPU
		{2C23A135-3C5E-412E-8511-4E46BE4BF689}.Debug|Any CPU.ActiveCfg = Debug|Any CPU
		{2C23A135-3C5E-412E-8511-4E46BE4BF689}.Debug|Any CPU.Build.0 = Debug|Any CPU
		{2C23A135-3C5E-412E-8511-4E46BE4BF689}.Release|Any CPU.ActiveCfg = Release|Any CPU
		{2C23A135-3C5E-412E-8511-4E46BE4BF689}.Release|Any CPU.Build.0 = Release|Any CPU
		{7B8DE759-1850-41E1-9E12-A22ED09FD6A9}.Debug|Any CPU.ActiveCfg = Debug|Any CPU
		{7B8DE759-1850-41E1-9E12-A22ED09FD6A9}.Debug|Any CPU.Build.0 = Debug|Any CPU
		{7B8DE759-1850-41E1-9E12-A22ED09FD6A9}.Release|Any CPU.ActiveCfg = Release|Any CPU
		{7B8DE759-1850-41E1-9E12-A22ED09FD6A9}.Release|Any CPU.Build.0 = Release|Any CPU
		{CA99DBDD-27B5-4A76-BD4D-CAEEEBAA320E}.Debug|Any CPU.ActiveCfg = Debug|Any CPU
		{CA99DBDD-27B5-4A76-BD4D-CAEEEBAA320E}.Debug|Any CPU.Build.0 = Debug|Any CPU
		{CA99DBDD-27B5-4A76-BD4D-CAEEEBAA320E}.Release|Any CPU.ActiveCfg = Release|Any CPU
		{CA99DBDD-27B5-4A76-BD4D-CAEEEBAA320E}.Release|Any CPU.Build.0 = Release|Any CPU
		{8AF6B3C1-74ED-4A60-8FF0-19DF154890BC}.Debug|Any CPU.ActiveCfg = Debug|Any CPU
		{8AF6B3C1-74ED-4A60-8FF0-19DF154890BC}.Debug|Any CPU.Build.0 = Debug|Any CPU
		{8AF6B3C1-74ED-4A60-8FF0-19DF154890BC}.Release|Any CPU.ActiveCfg = Release|Any CPU
		{8AF6B3C1-74ED-4A60-8FF0-19DF154890BC}.Release|Any CPU.Build.0 = Release|Any CPU
	EndGlobalSection
	GlobalSection(SolutionProperties) = preSolution
		HideSolutionNode = FALSE
	EndGlobalSection
	GlobalSection(NestedProjects) = preSolution
		{10D4942D-FFB5-4475-820C-4D7EE84501F4} = {F0795C7E-12E7-4083-8E05-34721A991C13}
		{5436DDD9-0D31-4BC2-BCD4-069E40B6375E} = {F0795C7E-12E7-4083-8E05-34721A991C13}
		{ED2820BC-9B92-49A4-B2B6-5ED533EE599F} = {F0795C7E-12E7-4083-8E05-34721A991C13}
		{25938EEB-97E9-4F13-8A9C-72AAE467BCC2} = {F0795C7E-12E7-4083-8E05-34721A991C13}
		{1EEB8744-43C6-43AD-8690-0855C22DAFB6} = {F0795C7E-12E7-4083-8E05-34721A991C13}
		{BA03463C-5368-410E-A4C4-5C5B557E2222} = {7D62BED2-797D-402D-AF85-A5A34E5F23C1}
		{7D62BED2-797D-402D-AF85-A5A34E5F23C1} = {A43B936F-1115-48C0-9891-584BD8F04BD8}
		{8FDA9884-E357-40E1-911A-07CCB098E9C5} = {A43B936F-1115-48C0-9891-584BD8F04BD8}
		{ECE593EB-0DB6-43BC-8314-61495F5BE9CF} = {8FDA9884-E357-40E1-911A-07CCB098E9C5}
		{2C23A135-3C5E-412E-8511-4E46BE4BF689} = {32062501-97F6-4F3E-AEA6-B646A9DE648D}
		{7B8DE759-1850-41E1-9E12-A22ED09FD6A9} = {32062501-97F6-4F3E-AEA6-B646A9DE648D}
		{CA99DBDD-27B5-4A76-BD4D-CAEEEBAA320E} = {32062501-97F6-4F3E-AEA6-B646A9DE648D}
		{8AF6B3C1-74ED-4A60-8FF0-19DF154890BC} = {04FB38CB-71BA-4A42-9192-80A0EDFF8E30}
	EndGlobalSection
	GlobalSection(ExtensibilityGlobals) = postSolution
		SolutionGuid = {5F4574FF-C8FB-4DB7-A1C6-E392B828DD2A}
	EndGlobalSection
EndGlobal
