
Microsoft Visual Studio Solution File, Format Version 12.00
# Visual Studio 15
VisualStudioVersion = 15.0.27428.2037
MinimumVisualStudioVersion = 10.0.40219.1
Project("{9A19103F-16F7-4668-BE54-9A1E7A4F7556}") = "Admin", "src\Web\Admin.csproj", "{C902395C-C1E5-4349-BCA5-E2685C5230D3}"
EndProject
Project("{9A19103F-16F7-4668-BE54-9A1E7A4F7556}") = "Data", "src\Data\Data.csproj", "{35A7E16C-EB3F-4098-830F-6DE4E80D7094}"
EndProject
Project("{9A19103F-16F7-4668-BE54-9A1E7A4F7556}") = "Domain", "src\Domain\Domain.csproj", "{7DBA00E0-BA63-4230-8646-07294FEAA0BF}"
EndProject
Project("{9A19103F-16F7-4668-BE54-9A1E7A4F7556}") = "Service", "src\Service\Service.csproj", "{D08DF3C7-37B9-4ED6-B757-461A2DB273E0}"
EndProject
Project("{FAE04EC0-301F-11D3-BF4B-00C04F79EFBC}") = "Interface", "src\Interface\Interface.csproj", "{9D15BE3E-85F1-466B-B0BA-3B67BC342DA2}"
EndProject
Global
	GlobalSection(SolutionConfigurationPlatforms) = preSolution
		Debug|Any CPU = Debug|Any CPU
		Release|Any CPU = Release|Any CPU
	EndGlobalSection
	GlobalSection(ProjectConfigurationPlatforms) = postSolution
		{C902395C-C1E5-4349-BCA5-E2685C5230D3}.Debug|Any CPU.ActiveCfg = Debug|Any CPU
		{C902395C-C1E5-4349-BCA5-E2685C5230D3}.Debug|Any CPU.Build.0 = Debug|Any CPU
		{C902395C-C1E5-4349-BCA5-E2685C5230D3}.Release|Any CPU.ActiveCfg = Release|Any CPU
		{C902395C-C1E5-4349-BCA5-E2685C5230D3}.Release|Any CPU.Build.0 = Release|Any CPU
		{35A7E16C-EB3F-4098-830F-6DE4E80D7094}.Debug|Any CPU.ActiveCfg = Debug|Any CPU
		{35A7E16C-EB3F-4098-830F-6DE4E80D7094}.Debug|Any CPU.Build.0 = Debug|Any CPU
		{35A7E16C-EB3F-4098-830F-6DE4E80D7094}.Release|Any CPU.ActiveCfg = Release|Any CPU
		{35A7E16C-EB3F-4098-830F-6DE4E80D7094}.Release|Any CPU.Build.0 = Release|Any CPU
		{7DBA00E0-BA63-4230-8646-07294FEAA0BF}.Debug|Any CPU.ActiveCfg = Debug|Any CPU
		{7DBA00E0-BA63-4230-8646-07294FEAA0BF}.Debug|Any CPU.Build.0 = Debug|Any CPU
		{7DBA00E0-BA63-4230-8646-07294FEAA0BF}.Release|Any CPU.ActiveCfg = Release|Any CPU
		{7DBA00E0-BA63-4230-8646-07294FEAA0BF}.Release|Any CPU.Build.0 = Release|Any CPU
		{D08DF3C7-37B9-4ED6-B757-461A2DB273E0}.Debug|Any CPU.ActiveCfg = Debug|Any CPU
		{D08DF3C7-37B9-4ED6-B757-461A2DB273E0}.Debug|Any CPU.Build.0 = Debug|Any CPU
		{D08DF3C7-37B9-4ED6-B757-461A2DB273E0}.Release|Any CPU.ActiveCfg = Release|Any CPU
		{D08DF3C7-37B9-4ED6-B757-461A2DB273E0}.Release|Any CPU.Build.0 = Release|Any CPU
		{9D15BE3E-85F1-466B-B0BA-3B67BC342DA2}.Debug|Any CPU.ActiveCfg = Debug|Any CPU
		{9D15BE3E-85F1-466B-B0BA-3B67BC342DA2}.Debug|Any CPU.Build.0 = Debug|Any CPU
		{9D15BE3E-85F1-466B-B0BA-3B67BC342DA2}.Release|Any CPU.ActiveCfg = Release|Any CPU
		{9D15BE3E-85F1-466B-B0BA-3B67BC342DA2}.Release|Any CPU.Build.0 = Release|Any CPU
	EndGlobalSection
	GlobalSection(SolutionProperties) = preSolution
		HideSolutionNode = FALSE
	EndGlobalSection
	GlobalSection(ExtensibilityGlobals) = postSolution
		SolutionGuid = {FBB92906-E7E2-4859-9746-171E6175C8AB}
	EndGlobalSection
EndGlobal
