
Microsoft Visual Studio Solution File, Format Version 12.00
# Visual Studio 15
VisualStudioVersion = 15.0.27428.2037
MinimumVisualStudioVersion = 10.0.40219.1
Project("{9A19103F-16F7-4668-BE54-9A1E7A4F7556}") = "Article.API", "Article\Article.API\Article.API.csproj", "{1EE89144-2732-4245-A385-69B6B0FA2ACD}"
EndProject
Project("{2150E333-8FDC-42A3-9474-1A3956D46DE8}") = "Article", "Article", "{54A440AC-732E-49E1-88D8-A43243DBF014}"
EndProject
Project("{FAE04EC0-301F-11D3-BF4B-00C04F79EFBC}") = "Account.API", "Account\Account.API\Account.API.csproj", "{2688E74C-E02F-4BF7-85CD-AB8349F7F341}"
EndProject
Project("{2150E333-8FDC-42A3-9474-1A3956D46DE8}") = "Account", "Account", "{75340B4E-18F1-48B5-8F96-C0C21654A8CB}"
EndProject
Global
	GlobalSection(SolutionConfigurationPlatforms) = preSolution
		Debug|Any CPU = Debug|Any CPU
		Release|Any CPU = Release|Any CPU
	EndGlobalSection
	GlobalSection(ProjectConfigurationPlatforms) = postSolution
		{1EE89144-2732-4245-A385-69B6B0FA2ACD}.Debug|Any CPU.ActiveCfg = Debug|Any CPU
		{1EE89144-2732-4245-A385-69B6B0FA2ACD}.Debug|Any CPU.Build.0 = Debug|Any CPU
		{1EE89144-2732-4245-A385-69B6B0FA2ACD}.Release|Any CPU.ActiveCfg = Release|Any CPU
		{1EE89144-2732-4245-A385-69B6B0FA2ACD}.Release|Any CPU.Build.0 = Release|Any CPU
		{2688E74C-E02F-4BF7-85CD-AB8349F7F341}.Debug|Any CPU.ActiveCfg = Debug|Any CPU
		{2688E74C-E02F-4BF7-85CD-AB8349F7F341}.Debug|Any CPU.Build.0 = Debug|Any CPU
		{2688E74C-E02F-4BF7-85CD-AB8349F7F341}.Release|Any CPU.ActiveCfg = Release|Any CPU
		{2688E74C-E02F-4BF7-85CD-AB8349F7F341}.Release|Any CPU.Build.0 = Release|Any CPU
	EndGlobalSection
	GlobalSection(SolutionProperties) = preSolution
		HideSolutionNode = FALSE
	EndGlobalSection
	GlobalSection(NestedProjects) = preSolution
		{1EE89144-2732-4245-A385-69B6B0FA2ACD} = {54A440AC-732E-49E1-88D8-A43243DBF014}
		{2688E74C-E02F-4BF7-85CD-AB8349F7F341} = {75340B4E-18F1-48B5-8F96-C0C21654A8CB}
	EndGlobalSection
	GlobalSection(ExtensibilityGlobals) = postSolution
		SolutionGuid = {8616B7F6-C24C-466E-8E7B-CB30BC822A72}
	EndGlobalSection
EndGlobal
